
Microsoft Visual Studio Solution File, Format Version 12.00
Project("{FAE04EC0-301F-11D3-BF4B-00C04F79EFBC}") = "BITest", "BITest.csproj", "{ADF22FDB-F8A1-427F-BCCA-56106699C79F}"
EndProject
Global
	GlobalSection(SolutionConfigurationPlatforms) = preSolution
		Debug|Any CPU = Debug|Any CPU
		Release|Any CPU = Release|Any CPU
	EndGlobalSection
	GlobalSection(ProjectConfigurationPlatforms) = postSolution
		{ADF22FDB-F8A1-427F-BCCA-56106699C79F}.Debug|Any CPU.ActiveCfg = Debug|Any CPU
		{ADF22FDB-F8A1-427F-BCCA-56106699C79F}.Debug|Any CPU.Build.0 = Debug|Any CPU
		{ADF22FDB-F8A1-427F-BCCA-56106699C79F}.Release|Any CPU.ActiveCfg = Release|Any CPU
		{ADF22FDB-F8A1-427F-BCCA-56106699C79F}.Release|Any CPU.Build.0 = Release|Any CPU
	EndGlobalSection
EndGlobal
